
Microsoft Visual Studio Solution File, Format Version 12.00
# Visual Studio Version 17
VisualStudioVersion = 17.5.002.0
MinimumVisualStudioVersion = 10.0.40219.1
Project("{9A19103F-16F7-4668-BE54-9A1E7A4F7556}") = "atestation_razrabotchik", "atestation_razrabotchik.csproj", "{E71847CC-EE21-4B1D-BEDA-F43493BFCD10}"
EndProject
Global
	GlobalSection(SolutionConfigurationPlatforms) = preSolution
		Debug|Any CPU = Debug|Any CPU
		Release|Any CPU = Release|Any CPU
	EndGlobalSection
	GlobalSection(ProjectConfigurationPlatforms) = postSolution
		{E71847CC-EE21-4B1D-BEDA-F43493BFCD10}.Debug|Any CPU.ActiveCfg = Debug|Any CPU
		{E71847CC-EE21-4B1D-BEDA-F43493BFCD10}.Debug|Any CPU.Build.0 = Debug|Any CPU
		{E71847CC-EE21-4B1D-BEDA-F43493BFCD10}.Release|Any CPU.ActiveCfg = Release|Any CPU
		{E71847CC-EE21-4B1D-BEDA-F43493BFCD10}.Release|Any CPU.Build.0 = Release|Any CPU
	EndGlobalSection
	GlobalSection(SolutionProperties) = preSolution
		HideSolutionNode = FALSE
	EndGlobalSection
	GlobalSection(ExtensibilityGlobals) = postSolution
		SolutionGuid = {2A9D598F-1485-494F-963D-D5C7CFA835A1}
	EndGlobalSection
EndGlobal
